
Microsoft Visual Studio Solution File, Format Version 12.00
# Visual Studio Version 17
VisualStudioVersion = 17.12.35707.178
MinimumVisualStudioVersion = 10.0.40219.1
Project("{FAE04EC0-301F-11D3-BF4B-00C04F79EFBC}") = "Forms", "Forms\Forms.csproj", "{2D73C76A-C817-4ADD-8BBF-AA37FFC87EBD}"
EndProject
Project("{FAE04EC0-301F-11D3-BF4B-00C04F79EFBC}") = "DrawFigures", "DrawFigures\DrawFigures.csproj", "{C60F9934-C58E-424B-BA6F-90AE5A262E99}"
EndProject
Global
	GlobalSection(SolutionConfigurationPlatforms) = preSolution
		Debug|Any CPU = Debug|Any CPU
		Release|Any CPU = Release|Any CPU
	EndGlobalSection
	GlobalSection(ProjectConfigurationPlatforms) = postSolution
		{2D73C76A-C817-4ADD-8BBF-AA37FFC87EBD}.Debug|Any CPU.ActiveCfg = Debug|Any CPU
		{2D73C76A-C817-4ADD-8BBF-AA37FFC87EBD}.Debug|Any CPU.Build.0 = Debug|Any CPU
		{2D73C76A-C817-4ADD-8BBF-AA37FFC87EBD}.Release|Any CPU.ActiveCfg = Release|Any CPU
		{2D73C76A-C817-4ADD-8BBF-AA37FFC87EBD}.Release|Any CPU.Build.0 = Release|Any CPU
		{C60F9934-C58E-424B-BA6F-90AE5A262E99}.Debug|Any CPU.ActiveCfg = Debug|Any CPU
		{C60F9934-C58E-424B-BA6F-90AE5A262E99}.Debug|Any CPU.Build.0 = Debug|Any CPU
		{C60F9934-C58E-424B-BA6F-90AE5A262E99}.Release|Any CPU.ActiveCfg = Release|Any CPU
		{C60F9934-C58E-424B-BA6F-90AE5A262E99}.Release|Any CPU.Build.0 = Release|Any CPU
	EndGlobalSection
	GlobalSection(SolutionProperties) = preSolution
		HideSolutionNode = FALSE
	EndGlobalSection
EndGlobal
